
Microsoft Visual Studio Solution File, Format Version 12.00
# Visual Studio 14
VisualStudioVersion = 14.0.24720.0
MinimumVisualStudioVersion = 10.0.40219.1
Project("{FAE04EC0-301F-11D3-BF4B-00C04F79EFBC}") = "WPF.DemoApplication", "WPF.DemoApplication\WPF.DemoApplication.csproj", "{715FC0F2-2342-4038-846B-1A11C600088F}"
EndProject
Project("{FAE04EC0-301F-11D3-BF4B-00C04F79EFBC}") = "LazyComboBox.WPF", "LazyComboBox.WPF\LazyComboBox.WPF.csproj", "{983C5509-5815-4DE7-9BD7-D3BD81217D30}"
EndProject
Global
	GlobalSection(SolutionConfigurationPlatforms) = preSolution
		Debug|Any CPU = Debug|Any CPU
		Release|Any CPU = Release|Any CPU
	EndGlobalSection
	GlobalSection(ProjectConfigurationPlatforms) = postSolution
		{715FC0F2-2342-4038-846B-1A11C600088F}.Debug|Any CPU.ActiveCfg = Debug|Any CPU
		{715FC0F2-2342-4038-846B-1A11C600088F}.Debug|Any CPU.Build.0 = Debug|Any CPU
		{715FC0F2-2342-4038-846B-1A11C600088F}.Release|Any CPU.ActiveCfg = Release|Any CPU
		{715FC0F2-2342-4038-846B-1A11C600088F}.Release|Any CPU.Build.0 = Release|Any CPU
		{983C5509-5815-4DE7-9BD7-D3BD81217D30}.Debug|Any CPU.ActiveCfg = Debug|Any CPU
		{983C5509-5815-4DE7-9BD7-D3BD81217D30}.Debug|Any CPU.Build.0 = Debug|Any CPU
		{983C5509-5815-4DE7-9BD7-D3BD81217D30}.Release|Any CPU.ActiveCfg = Release|Any CPU
		{983C5509-5815-4DE7-9BD7-D3BD81217D30}.Release|Any CPU.Build.0 = Release|Any CPU
	EndGlobalSection
	GlobalSection(SolutionProperties) = preSolution
		HideSolutionNode = FALSE
	EndGlobalSection
EndGlobal
